// !$*UTF8*$!
{
	archiveVersion = 1;
	classes = {
	};
	objectVersion = 50;
	objects = {

/* Begin PBXBuildFile section */
		84F57A4921FFF579000178C3 /* AppDelegate.swift in Sources */ = {isa = PBXBuildFile; fileRef = 84F57A4821FFF579000178C3 /* AppDelegate.swift */; };
		84F57A4B21FFF579000178C3 /* ViewController.swift in Sources */ = {isa = PBXBuildFile; fileRef = 84F57A4A21FFF579000178C3 /* ViewController.swift */; };
		84F57A4E21FFF579000178C3 /* Main.storyboard in Resources */ = {isa = PBXBuildFile; fileRef = 84F57A4C21FFF579000178C3 /* Main.storyboard */; };
		84F57A5121FFF579000178C3 /* connectDB.xcdatamodeld in Sources */ = {isa = PBXBuildFile; fileRef = 84F57A4F21FFF579000178C3 /* connectDB.xcdatamodeld */; };
		84F57A5321FFF57C000178C3 /* Assets.xcassets in Resources */ = {isa = PBXBuildFile; fileRef = 84F57A5221FFF57C000178C3 /* Assets.xcassets */; };
		84F57A5621FFF57C000178C3 /* LaunchScreen.storyboard in Resources */ = {isa = PBXBuildFile; fileRef = 84F57A5421FFF57C000178C3 /* LaunchScreen.storyboard */; };
		84F57A6121FFF57C000178C3 /* connectDBTests.swift in Sources */ = {isa = PBXBuildFile; fileRef = 84F57A6021FFF57C000178C3 /* connectDBTests.swift */; };
		84F57A6C21FFF57C000178C3 /* connectDBUITests.swift in Sources */ = {isa = PBXBuildFile; fileRef = 84F57A6B21FFF57C000178C3 /* connectDBUITests.swift */; };
/* End PBXBuildFile section */

/* Begin PBXContainerItemProxy section */
		84F57A5D21FFF57C000178C3 /* PBXContainerItemProxy */ = {
			isa = PBXContainerItemProxy;
			containerPortal = 84F57A3D21FFF579000178C3 /* Project object */;
			proxyType = 1;
			remoteGlobalIDString = 84F57A4421FFF579000178C3;
			remoteInfo = connectDB;
		};
		84F57A6821FFF57C000178C3 /* PBXContainerItemProxy */ = {
			isa = PBXContainerItemProxy;
			containerPortal = 84F57A3D21FFF579000178C3 /* Project object */;
			proxyType = 1;
			remoteGlobalIDString = 84F57A4421FFF579000178C3;
			remoteInfo = connectDB;
		};
/* End PBXContainerItemProxy section */

/* Begin PBXFileReference section */
		84F57A4521FFF579000178C3 /* connectDB.app */ = {isa = PBXFileReference; explicitFileType = wrapper.application; includeInIndex = 0; path = connectDB.app; sourceTree = BUILT_PRODUCTS_DIR; };
		84F57A4821FFF579000178C3 /* AppDelegate.swift */ = {isa = PBXFileReference; lastKnownFileType = sourcecode.swift; path = AppDelegate.swift; sourceTree = "<group>"; };
		84F57A4A21FFF579000178C3 /* ViewController.swift */ = {isa = PBXFileReference; lastKnownFileType = sourcecode.swift; path = ViewController.swift; sourceTree = "<group>"; };
		84F57A4D21FFF579000178C3 /* Base */ = {isa = PBXFileReference; lastKnownFileType = file.storyboard; name = Base; path = Base.lproj/Main.storyboard; sourceTree = "<group>"; };
		84F57A5021FFF579000178C3 /* connectDB.xcdatamodel */ = {isa = PBXFileReference; lastKnownFileType = wrapper.xcdatamodel; path = connectDB.xcdatamodel; sourceTree = "<group>"; };
		84F57A5221FFF57C000178C3 /* Assets.xcassets */ = {isa = PBXFileReference; lastKnownFileType = folder.assetcatalog; path = Assets.xcassets; sourceTree = "<group>"; };
		84F57A5521FFF57C000178C3 /* Base */ = {isa = PBXFileReference; lastKnownFileType = file.storyboard; name = Base; path = Base.lproj/LaunchScreen.storyboard; sourceTree = "<group>"; };
		84F57A5721FFF57C000178C3 /* Info.plist */ = {isa = PBXFileReference; lastKnownFileType = text.plist.xml; path = Info.plist; sourceTree = "<group>"; };
		84F57A5C21FFF57C000178C3 /* connectDBTests.xctest */ = {isa = PBXFileReference; explicitFileType = wrapper.cfbundle; includeInIndex = 0; path = connectDBTests.xctest; sourceTree = BUILT_PRODUCTS_DIR; };
		84F57A6021FFF57C000178C3 /* connectDBTests.swift */ = {isa = PBXFileReference; lastKnownFileType = sourcecode.swift; path = connectDBTests.swift; sourceTree = "<group>"; };
		84F57A6221FFF57C000178C3 /* Info.plist */ = {isa = PBXFileReference; lastKnownFileType = text.plist.xml; path = Info.plist; sourceTree = "<group>"; };
		84F57A6721FFF57C000178C3 /* connectDBUITests.xctest */ = {isa = PBXFileReference; explicitFileType = wrapper.cfbundle; includeInIndex = 0; path = connectDBUITests.xctest; sourceTree = BUILT_PRODUCTS_DIR; };
		84F57A6B21FFF57C000178C3 /* connectDBUITests.swift */ = {isa = PBXFileReference; lastKnownFileType = sourcecode.swift; path = connectDBUITests.swift; sourceTree = "<group>"; };
		84F57A6D21FFF57C000178C3 /* Info.plist */ = {isa = PBXFileReference; lastKnownFileType = text.plist.xml; path = Info.plist; sourceTree = "<group>"; };
/* End PBXFileReference section */

/* Begin PBXFrameworksBuildPhase section */
		84F57A4221FFF579000178C3 /* Frameworks */ = {
			isa = PBXFrameworksBuildPhase;
			buildActionMask = 2147483647;
			files = (
			);
			runOnlyForDeploymentPostprocessing = 0;
		};
		84F57A5921FFF57C000178C3 /* Frameworks */ = {
			isa = PBXFrameworksBuildPhase;
			buildActionMask = 2147483647;
			files = (
			);
			runOnlyForDeploymentPostprocessing = 0;
		};
		84F57A6421FFF57C000178C3 /* Frameworks */ = {
			isa = PBXFrameworksBuildPhase;
			buildActionMask = 2147483647;
			files = (
			);
			runOnlyForDeploymentPostprocessing = 0;
		};
/* End PBXFrameworksBuildPhase section */

/* Begin PBXGroup section */
		84F57A3C21FFF579000178C3 = {
			isa = PBXGroup;
			children = (
				84F57A4721FFF579000178C3 /* connectDB */,
				84F57A5F21FFF57C000178C3 /* connectDBTests */,
				84F57A6A21FFF57C000178C3 /* connectDBUITests */,
				84F57A4621FFF579000178C3 /* Products */,
			);
			sourceTree = "<group>";
		};
		84F57A4621FFF579000178C3 /* Products */ = {
			isa = PBXGroup;
			children = (
				84F57A4521FFF579000178C3 /* connectDB.app */,
				84F57A5C21FFF57C000178C3 /* connectDBTests.xctest */,
				84F57A6721FFF57C000178C3 /* connectDBUITests.xctest */,
			);
			name = Products;
			sourceTree = "<group>";
		};
		84F57A4721FFF579000178C3 /* connectDB */ = {
			isa = PBXGroup;
			children = (
				84F57A4821FFF579000178C3 /* AppDelegate.swift */,
				84F57A4A21FFF579000178C3 /* ViewController.swift */,
				84F57A4C21FFF579000178C3 /* Main.storyboard */,
				84F57A5221FFF57C000178C3 /* Assets.xcassets */,
				84F57A5421FFF57C000178C3 /* LaunchScreen.storyboard */,
				84F57A5721FFF57C000178C3 /* Info.plist */,
				84F57A4F21FFF579000178C3 /* connectDB.xcdatamodeld */,
			);
			path = connectDB;
			sourceTree = "<group>";
		};
		84F57A5F21FFF57C000178C3 /* connectDBTests */ = {
			isa = PBXGroup;
			children = (
				84F57A6021FFF57C000178C3 /* connectDBTests.swift */,
				84F57A6221FFF57C000178C3 /* Info.plist */,
			);
			path = connectDBTests;
			sourceTree = "<group>";
		};
		84F57A6A21FFF57C000178C3 /* connectDBUITests */ = {
			isa = PBXGroup;
			children = (
				84F57A6B21FFF57C000178C3 /* connectDBUITests.swift */,
				84F57A6D21FFF57C000178C3 /* Info.plist */,
			);
			path = connectDBUITests;
			sourceTree = "<group>";
		};
/* End PBXGroup section */

/* Begin PBXNativeTarget section */
		84F57A4421FFF579000178C3 /* connectDB */ = {
			isa = PBXNativeTarget;
			buildConfigurationList = 84F57A7021FFF57C000178C3 /* Build configuration list for PBXNativeTarget "connectDB" */;
			buildPhases = (
				84F57A4121FFF579000178C3 /* Sources */,
				84F57A4221FFF579000178C3 /* Frameworks */,
				84F57A4321FFF579000178C3 /* Resources */,
			);
			buildRules = (
			);
			dependencies = (
			);
			name = connectDB;
			productName = connectDB;
			productReference = 84F57A4521FFF579000178C3 /* connectDB.app */;
			productType = "com.apple.product-type.application";
		};
		84F57A5B21FFF57C000178C3 /* connectDBTests */ = {
			isa = PBXNativeTarget;
			buildConfigurationList = 84F57A7321FFF57C000178C3 /* Build configuration list for PBXNativeTarget "connectDBTests" */;
			buildPhases = (
				84F57A5821FFF57C000178C3 /* Sources */,
				84F57A5921FFF57C000178C3 /* Frameworks */,
				84F57A5A21FFF57C000178C3 /* Resources */,
			);
			buildRules = (
			);
			dependencies = (
				84F57A5E21FFF57C000178C3 /* PBXTargetDependency */,
			);
			name = connectDBTests;
			productName = connectDBTests;
			productReference = 84F57A5C21FFF57C000178C3 /* connectDBTests.xctest */;
			productType = "com.apple.product-type.bundle.unit-test";
		};
		84F57A6621FFF57C000178C3 /* connectDBUITests */ = {
			isa = PBXNativeTarget;
			buildConfigurationList = 84F57A7621FFF57C000178C3 /* Build configuration list for PBXNativeTarget "connectDBUITests" */;
			buildPhases = (
				84F57A6321FFF57C000178C3 /* Sources */,
				84F57A6421FFF57C000178C3 /* Frameworks */,
				84F57A6521FFF57C000178C3 /* Resources */,
			);
			buildRules = (
			);
			dependencies = (
				84F57A6921FFF57C000178C3 /* PBXTargetDependency */,
			);
			name = connectDBUITests;
			productName = connectDBUITests;
			productReference = 84F57A6721FFF57C000178C3 /* connectDBUITests.xctest */;
			productType = "com.apple.product-type.bundle.ui-testing";
		};
/* End PBXNativeTarget section */

/* Begin PBXProject section */
		84F57A3D21FFF579000178C3 /* Project object */ = {
			isa = PBXProject;
			attributes = {
				LastSwiftUpdateCheck = 1010;
				LastUpgradeCheck = 1010;
				ORGANIZATIONNAME = Saiwarun.Y;
				TargetAttributes = {
					84F57A4421FFF579000178C3 = {
						CreatedOnToolsVersion = 10.1;
					};
					84F57A5B21FFF57C000178C3 = {
						CreatedOnToolsVersion = 10.1;
						TestTargetID = 84F57A4421FFF579000178C3;
					};
					84F57A6621FFF57C000178C3 = {
						CreatedOnToolsVersion = 10.1;
						TestTargetID = 84F57A4421FFF579000178C3;
					};
				};
			};
			buildConfigurationList = 84F57A4021FFF579000178C3 /* Build configuration list for PBXProject "connectDB" */;
			compatibilityVersion = "Xcode 9.3";
			developmentRegion = en;
			hasScannedForEncodings = 0;
			knownRegions = (
				en,
				Base,
			);
			mainGroup = 84F57A3C21FFF579000178C3;
			productRefGroup = 84F57A4621FFF579000178C3 /* Products */;
			projectDirPath = "";
			projectRoot = "";
			targets = (
				84F57A4421FFF579000178C3 /* connectDB */,
				84F57A5B21FFF57C000178C3 /* connectDBTests */,
				84F57A6621FFF57C000178C3 /* connectDBUITests */,
			);
		};
/* End PBXProject section */

/* Begin PBXResourcesBuildPhase section */
		84F57A4321FFF579000178C3 /* Resources */ = {
			isa = PBXResourcesBuildPhase;
			buildActionMask = 2147483647;
			files = (
				84F57A5621FFF57C000178C3 /* LaunchScreen.storyboard in Resources */,
				84F57A5321FFF57C000178C3 /* Assets.xcassets in Resources */,
				84F57A4E21FFF579000178C3 /* Main.storyboard in Resources */,
			);
			runOnlyForDeploymentPostprocessing = 0;
		};
		84F57A5A21FFF57C000178C3 /* Resources */ = {
			isa = PBXResourcesBuildPhase;
			buildActionMask = 2147483647;
			files = (
			);
			runOnlyForDeploymentPostprocessing = 0;
		};
		84F57A6521FFF57C000178C3 /* Resources */ = {
			isa = PBXResourcesBuildPhase;
			buildActionMask = 2147483647;
			files = (
			);
			runOnlyForDeploymentPostprocessing = 0;
		};
/* End PBXResourcesBuildPhase section */

/* Begin PBXSourcesBuildPhase section */
		84F57A4121FFF579000178C3 /* Sources */ = {
			isa = PBXSourcesBuildPhase;
			buildActionMask = 2147483647;
			files = (
				84F57A5121FFF579000178C3 /* connectDB.xcdatamodeld in Sources */,
				84F57A4B21FFF579000178C3 /* ViewController.swift in Sources */,
				84F57A4921FFF579000178C3 /* AppDelegate.swift in Sources */,
			);
			runOnlyForDeploymentPostprocessing = 0;
		};
		84F57A5821FFF57C000178C3 /* Sources */ = {
			isa = PBXSourcesBuildPhase;
			buildActionMask = 2147483647;
			files = (
				84F57A6121FFF57C000178C3 /* connectDBTests.swift in Sources */,
			);
			runOnlyForDeploymentPostprocessing = 0;
		};
		84F57A6321FFF57C000178C3 /* Sources */ = {
			isa = PBXSourcesBuildPhase;
			buildActionMask = 2147483647;
			files = (
				84F57A6C21FFF57C000178C3 /* connectDBUITests.swift in Sources */,
			);
			runOnlyForDeploymentPostprocessing = 0;
		};
/* End PBXSourcesBuildPhase section */

/* Begin PBXTargetDependency section */
		84F57A5E21FFF57C000178C3 /* PBXTargetDependency */ = {
			isa = PBXTargetDependency;
			target = 84F57A4421FFF579000178C3 /* connectDB */;
			targetProxy = 84F57A5D21FFF57C000178C3 /* PBXContainerItemProxy */;
		};
		84F57A6921FFF57C000178C3 /* PBXTargetDependency */ = {
			isa = PBXTargetDependency;
			target = 84F57A4421FFF579000178C3 /* connectDB */;
			targetProxy = 84F57A6821FFF57C000178C3 /* PBXContainerItemProxy */;
		};
/* End PBXTargetDependency section */

/* Begin PBXVariantGroup section */
		84F57A4C21FFF579000178C3 /* Main.storyboard */ = {
			isa = PBXVariantGroup;
			children = (
				84F57A4D21FFF579000178C3 /* Base */,
			);
			name = Main.storyboard;
			sourceTree = "<group>";
		};
		84F57A5421FFF57C000178C3 /* LaunchScreen.storyboard */ = {
			isa = PBXVariantGroup;
			children = (
				84F57A5521FFF57C000178C3 /* Base */,
			);
			name = LaunchScreen.storyboard;
			sourceTree = "<group>";
		};
/* End PBXVariantGroup section */

/* Begin XCBuildConfiguration section */
		84F57A6E21FFF57C000178C3 /* Debug */ = {
			isa = XCBuildConfiguration;
			buildSettings = {
				ALWAYS_SEARCH_USER_PATHS = NO;
				CLANG_ANALYZER_NONNULL = YES;
				CLANG_ANALYZER_NUMBER_OBJECT_CONVERSION = YES_AGGRESSIVE;
				CLANG_CXX_LANGUAGE_STANDARD = "gnu++14";
				CLANG_CXX_LIBRARY = "libc++";
				CLANG_ENABLE_MODULES = YES;
				CLANG_ENABLE_OBJC_ARC = YES;
				CLANG_ENABLE_OBJC_WEAK = YES;
				CLANG_WARN_BLOCK_CAPTURE_AUTORELEASING = YES;
				CLANG_WARN_BOOL_CONVERSION = YES;
				CLANG_WARN_COMMA = YES;
				CLANG_WARN_CONSTANT_CONVERSION = YES;
				CLANG_WARN_DEPRECATED_OBJC_IMPLEMENTATIONS = YES;
				CLANG_WARN_DIRECT_OBJC_ISA_USAGE = YES_ERROR;
				CLANG_WARN_DOCUMENTATION_COMMENTS = YES;
				CLANG_WARN_EMPTY_BODY = YES;
				CLANG_WARN_ENUM_CONVERSION = YES;
				CLANG_WARN_INFINITE_RECURSION = YES;
				CLANG_WARN_INT_CONVERSION = YES;
				CLANG_WARN_NON_LITERAL_NULL_CONVERSION = YES;
				CLANG_WARN_OBJC_IMPLICIT_RETAIN_SELF = YES;
				CLANG_WARN_OBJC_LITERAL_CONVERSION = YES;
				CLANG_WARN_OBJC_ROOT_CLASS = YES_ERROR;
				CLANG_WARN_RANGE_LOOP_ANALYSIS = YES;
				CLANG_WARN_STRICT_PROTOTYPES = YES;
				CLANG_WARN_SUSPICIOUS_MOVE = YES;
				CLANG_WARN_UNGUARDED_AVAILABILITY = YES_AGGRESSIVE;
				CLANG_WARN_UNREACHABLE_CODE = YES;
				CLANG_WARN__DUPLICATE_METHOD_MATCH = YES;
				CODE_SIGN_IDENTITY = "iPhone Developer";
				COPY_PHASE_STRIP = NO;
				DEBUG_INFORMATION_FORMAT = dwarf;
				ENABLE_STRICT_OBJC_MSGSEND = YES;
				ENABLE_TESTABILITY = YES;
				GCC_C_LANGUAGE_STANDARD = gnu11;
				GCC_DYNAMIC_NO_PIC = NO;
				GCC_NO_COMMON_BLOCKS = YES;
				GCC_OPTIMIZATION_LEVEL = 0;
				GCC_PREPROCESSOR_DEFINITIONS = (
					"DEBUG=1",
					"$(inherited)",
				);
				GCC_WARN_64_TO_32_BIT_CONVERSION = YES;
				GCC_WARN_ABOUT_RETURN_TYPE = YES_ERROR;
				GCC_WARN_UNDECLARED_SELECTOR = YES;
				GCC_WARN_UNINITIALIZED_AUTOS = YES_AGGRESSIVE;
				GCC_WARN_UNUSED_FUNCTION = YES;
				GCC_WARN_UNUSED_VARIABLE = YES;
				IPHONEOS_DEPLOYMENT_TARGET = 12.1;
				MTL_ENABLE_DEBUG_INFO = INCLUDE_SOURCE;
				MTL_FAST_MATH = YES;
				ONLY_ACTIVE_ARCH = YES;
				SDKROOT = iphoneos;
				SWIFT_ACTIVE_COMPILATION_CONDITIONS = DEBUG;
				SWIFT_OPTIMIZATION_LEVEL = "-Onone";
			};
			name = Debug;
		};
		84F57A6F21FFF57C000178C3 /* Release */ = {
			isa = XCBuildConfiguration;
			buildSettings = {
				ALWAYS_SEARCH_USER_PATHS = NO;
				CLANG_ANALYZER_NONNULL = YES;
				CLANG_ANALYZER_NUMBER_OBJECT_CONVERSION = YES_AGGRESSIVE;
				CLANG_CXX_LANGUAGE_STANDARD = "gnu++14";
				CLANG_CXX_LIBRARY = "libc++";
				CLANG_ENABLE_MODULES = YES;
				CLANG_ENABLE_OBJC_ARC = YES;
				CLANG_ENABLE_OBJC_WEAK = YES;
				CLANG_WARN_BLOCK_CAPTURE_AUTORELEASING = YES;
				CLANG_WARN_BOOL_CONVERSION = YES;
				CLANG_WARN_COMMA = YES;
				CLANG_WARN_CONSTANT_CONVERSION = YES;
				CLANG_WARN_DEPRECATED_OBJC_IMPLEMENTATIONS = YES;
				CLANG_WARN_DIRECT_OBJC_ISA_USAGE = YES_ERROR;
				CLANG_WARN_DOCUMENTATION_COMMENTS = YES;
				CLANG_WARN_EMPTY_BODY = YES;
				CLANG_WARN_ENUM_CONVERSION = YES;
				CLANG_WARN_INFINITE_RECURSION = YES;
				CLANG_WARN_INT_CONVERSION = YES;
				CLANG_WARN_NON_LITERAL_NULL_CONVERSION = YES;
				CLANG_WARN_OBJC_IMPLICIT_RETAIN_SELF = YES;
				CLANG_WARN_OBJC_LITERAL_CONVERSION = YES;
				CLANG_WARN_OBJC_ROOT_CLASS = YES_ERROR;
				CLANG_WARN_RANGE_LOOP_ANALYSIS = YES;
				CLANG_WARN_STRICT_PROTOTYPES = YES;
				CLANG_WARN_SUSPICIOUS_MOVE = YES;
				CLANG_WARN_UNGUARDED_AVAILABILITY = YES_AGGRESSIVE;
				CLANG_WARN_UNREACHABLE_CODE = YES;
				CLANG_WARN__DUPLICATE_METHOD_MATCH = YES;
				CODE_SIGN_IDENTITY = "iPhone Developer";
				COPY_PHASE_STRIP = NO;
				DEBUG_INFORMATION_FORMAT = "dwarf-with-dsym";
				ENABLE_NS_ASSERTIONS = NO;
				ENABLE_STRICT_OBJC_MSGSEND = YES;
				GCC_C_LANGUAGE_STANDARD = gnu11;
				GCC_NO_COMMON_BLOCKS = YES;
				GCC_WARN_64_TO_32_BIT_CONVERSION = YES;
				GCC_WARN_ABOUT_RETURN_TYPE = YES_ERROR;
				GCC_WARN_UNDECLARED_SELECTOR = YES;
				GCC_WARN_UNINITIALIZED_AUTOS = YES_AGGRESSIVE;
				GCC_WARN_UNUSED_FUNCTION = YES;
				GCC_WARN_UNUSED_VARIABLE = YES;
				IPHONEOS_DEPLOYMENT_TARGET = 12.1;
				MTL_ENABLE_DEBUG_INFO = NO;
				MTL_FAST_MATH = YES;
				SDKROOT = iphoneos;
				SWIFT_COMPILATION_MODE = wholemodule;
				SWIFT_OPTIMIZATION_LEVEL = "-O";
				VALIDATE_PRODUCT = YES;
			};
			name = Release;
		};
		84F57A7121FFF57C000178C3 /* Debug */ = {
			isa = XCBuildConfiguration;
			buildSettings = {
				ASSETCATALOG_COMPILER_APPICON_NAME = AppIcon;
				CODE_SIGN_STYLE = Automatic;
				INFOPLIST_FILE = connectDB/Info.plist;
				LD_RUNPATH_SEARCH_PATHS = (
					"$(inherited)",
					"@executable_path/Frameworks",
				);
				PRODUCT_BUNDLE_IDENTIFIER = Y.Saiwarun.connectDB;
				PRODUCT_NAME = "$(TARGET_NAME)";
				SWIFT_VERSION = 4.2;
				TARGETED_DEVICE_FAMILY = "1,2";
			};
			name = Debug;
		};
		84F57A7221FFF57C000178C3 /* Release */ = {
			isa = XCBuildConfiguration;
			buildSettings = {
				ASSETCATALOG_COMPILER_APPICON_NAME = AppIcon;
				CODE_SIGN_STYLE = Automatic;
				INFOPLIST_FILE = connectDB/Info.plist;
				LD_RUNPATH_SEARCH_PATHS = (
					"$(inherited)",
					"@executable_path/Frameworks",
				);
				PRODUCT_BUNDLE_IDENTIFIER = Y.Saiwarun.connectDB;
				PRODUCT_NAME = "$(TARGET_NAME)";
				SWIFT_VERSION = 4.2;
				TARGETED_DEVICE_FAMILY = "1,2";
			};
			name = Release;
		};
		84F57A7421FFF57C000178C3 /* Debug */ = {
			isa = XCBuildConfiguration;
			buildSettings = {
				ALWAYS_EMBED_SWIFT_STANDARD_LIBRARIES = YES;
				BUNDLE_LOADER = "$(TEST_HOST)";
				CODE_SIGN_STYLE = Automatic;
				INFOPLIST_FILE = connectDBTests/Info.plist;
				LD_RUNPATH_SEARCH_PATHS = (
					"$(inherited)",
					"@executable_path/Frameworks",
					"@loader_path/Frameworks",
				);
				PRODUCT_BUNDLE_IDENTIFIER = Y.Saiwarun.connectDBTests;
				PRODUCT_NAME = "$(TARGET_NAME)";
				SWIFT_VERSION = 4.2;
				TARGETED_DEVICE_FAMILY = "1,2";
				TEST_HOST = "$(BUILT_PRODUCTS_DIR)/connectDB.app/connectDB";
			};
			name = Debug;
		};
		84F57A7521FFF57C000178C3 /* Release */ = {
			isa = XCBuildConfiguration;
			buildSettings = {
				ALWAYS_EMBED_SWIFT_STANDARD_LIBRARIES = YES;
				BUNDLE_LOADER = "$(TEST_HOST)";
				CODE_SIGN_STYLE = Automatic;
				INFOPLIST_FILE = connectDBTests/Info.plist;
				LD_RUNPATH_SEARCH_PATHS = (
					"$(inherited)",
					"@executable_path/Frameworks",
					"@loader_path/Frameworks",
				);
				PRODUCT_BUNDLE_IDENTIFIER = Y.Saiwarun.connectDBTests;
				PRODUCT_NAME = "$(TARGET_NAME)";
				SWIFT_VERSION = 4.2;
				TARGETED_DEVICE_FAMILY = "1,2";
				TEST_HOST = "$(BUILT_PRODUCTS_DIR)/connectDB.app/connectDB";
			};
			name = Release;
		};
		84F57A7721FFF57C000178C3 /* Debug */ = {
			isa = XCBuildConfiguration;
			buildSettings = {
				ALWAYS_EMBED_SWIFT_STANDARD_LIBRARIES = YES;
				CODE_SIGN_STYLE = Automatic;
				INFOPLIST_FILE = connectDBUITests/Info.plist;
				LD_RUNPATH_SEARCH_PATHS = (
					"$(inherited)",
					"@executable_path/Frameworks",
					"@loader_path/Frameworks",
				);
				PRODUCT_BUNDLE_IDENTIFIER = Y.Saiwarun.connectDBUITests;
				PRODUCT_NAME = "$(TARGET_NAME)";
				SWIFT_VERSION = 4.2;
				TARGETED_DEVICE_FAMILY = "1,2";
				TEST_TARGET_NAME = connectDB;
			};
			name = Debug;
		};
		84F57A7821FFF57C000178C3 /* Release */ = {
			isa = XCBuildConfiguration;
			buildSettings = {
				ALWAYS_EMBED_SWIFT_STANDARD_LIBRARIES = YES;
				CODE_SIGN_STYLE = Automatic;
				INFOPLIST_FILE = connectDBUITests/Info.plist;
				LD_RUNPATH_SEARCH_PATHS = (
					"$(inherited)",
					"@executable_path/Frameworks",
					"@loader_path/Frameworks",
				);
				PRODUCT_BUNDLE_IDENTIFIER = Y.Saiwarun.connectDBUITests;
				PRODUCT_NAME = "$(TARGET_NAME)";
				SWIFT_VERSION = 4.2;
				TARGETED_DEVICE_FAMILY = "1,2";
				TEST_TARGET_NAME = connectDB;
			};
			name = Release;
		};
/* End XCBuildConfiguration section */

/* Begin XCConfigurationList section */
		84F57A4021FFF579000178C3 /* Build configuration list for PBXProject "connectDB" */ = {
			isa = XCConfigurationList;
			buildConfigurations = (
				84F57A6E21FFF57C000178C3 /* Debug */,
				84F57A6F21FFF57C000178C3 /* Release */,
			);
			defaultConfigurationIsVisible = 0;
			defaultConfigurationName = Release;
		};
		84F57A7021FFF57C000178C3 /* Build configuration list for PBXNativeTarget "connectDB" */ = {
			isa = XCConfigurationList;
			buildConfigurations = (
				84F57A7121FFF57C000178C3 /* Debug */,
				84F57A7221FFF57C000178C3 /* Release */,
			);
			defaultConfigurationIsVisible = 0;
			defaultConfigurationName = Release;
		};
		84F57A7321FFF57C000178C3 /* Build configuration list for PBXNativeTarget "connectDBTests" */ = {
			isa = XCConfigurationList;
			buildConfigurations = (
				84F57A7421FFF57C000178C3 /* Debug */,
				84F57A7521FFF57C000178C3 /* Release */,
			);
			defaultConfigurationIsVisible = 0;
			defaultConfigurationName = Release;
		};
		84F57A7621FFF57C000178C3 /* Build configuration list for PBXNativeTarget "connectDBUITests" */ = {
			isa = XCConfigurationList;
			buildConfigurations = (
				84F57A7721FFF57C000178C3 /* Debug */,
				84F57A7821FFF57C000178C3 /* Release */,
			);
			defaultConfigurationIsVisible = 0;
			defaultConfigurationName = Release;
		};
/* End XCConfigurationList section */

/* Begin XCVersionGroup section */
		84F57A4F21FFF579000178C3 /* connectDB.xcdatamodeld */ = {
			isa = XCVersionGroup;
			children = (
				84F57A5021FFF579000178C3 /* connectDB.xcdatamodel */,
			);
			currentVersion = 84F57A5021FFF579000178C3 /* connectDB.xcdatamodel */;
			path = connectDB.xcdatamodeld;
			sourceTree = "<group>";
			versionGroupType = wrapper.xcdatamodel;
		};
/* End XCVersionGroup section */
	};
	rootObject = 84F57A3D21FFF579000178C3 /* Project object */;
}
